
Microsoft Visual Studio Solution File, Format Version 12.00
# Visual Studio Version 17
VisualStudioVersion = 17.0.31903.59
MinimumVisualStudioVersion = 10.0.40219.1
Project("{2150E333-8FDC-42A3-9474-1A3956D46DE8}") = "src", "src", "{C94322B2-5939-4335-ACD6-9B5E61E84750}"
EndProject
Project("{FAE04EC0-301F-11D3-BF4B-00C04F79EFBC}") = "POAB.Api", "src\POAB.Api\POAB.Api.csproj", "{324DFAF1-CDC5-42D1-BDEB-9D8FA0A4BE52}"
EndProject
Project("{FAE04EC0-301F-11D3-BF4B-00C04F79EFBC}") = "POAB.Api.Services", "src\POAB.Api.Services\POAB.Api.Services.csproj", "{9E000E7B-6DEA-4F9F-AE50-6CE7FAE92DC6}"
EndProject
Global
	GlobalSection(SolutionConfigurationPlatforms) = preSolution
		Debug|Any CPU = Debug|Any CPU
		Release|Any CPU = Release|Any CPU
	EndGlobalSection
	GlobalSection(ProjectConfigurationPlatforms) = postSolution
		{324DFAF1-CDC5-42D1-BDEB-9D8FA0A4BE52}.Debug|Any CPU.ActiveCfg = Debug|Any CPU
		{324DFAF1-CDC5-42D1-BDEB-9D8FA0A4BE52}.Debug|Any CPU.Build.0 = Debug|Any CPU
		{324DFAF1-CDC5-42D1-BDEB-9D8FA0A4BE52}.Release|Any CPU.ActiveCfg = Release|Any CPU
		{324DFAF1-CDC5-42D1-BDEB-9D8FA0A4BE52}.Release|Any CPU.Build.0 = Release|Any CPU
		{9E000E7B-6DEA-4F9F-AE50-6CE7FAE92DC6}.Debug|Any CPU.ActiveCfg = Debug|Any CPU
		{9E000E7B-6DEA-4F9F-AE50-6CE7FAE92DC6}.Debug|Any CPU.Build.0 = Debug|Any CPU
		{9E000E7B-6DEA-4F9F-AE50-6CE7FAE92DC6}.Release|Any CPU.ActiveCfg = Release|Any CPU
		{9E000E7B-6DEA-4F9F-AE50-6CE7FAE92DC6}.Release|Any CPU.Build.0 = Release|Any CPU
	EndGlobalSection
	GlobalSection(SolutionProperties) = preSolution
		HideSolutionNode = FALSE
	EndGlobalSection
	GlobalSection(NestedProjects) = preSolution
		{324DFAF1-CDC5-42D1-BDEB-9D8FA0A4BE52} = {C94322B2-5939-4335-ACD6-9B5E61E84750}
		{9E000E7B-6DEA-4F9F-AE50-6CE7FAE92DC6} = {C94322B2-5939-4335-ACD6-9B5E61E84750}
	EndGlobalSection
	GlobalSection(ExtensibilityGlobals) = postSolution
		SolutionGuid = {536AE7C5-2E7A-4BD5-A740-3075EA5C7E05}
	EndGlobalSection
EndGlobal
